
Microsoft Visual Studio Solution File, Format Version 12.00
# Visual Studio Version 16
VisualStudioVersion = 16.0.30517.126
MinimumVisualStudioVersion = 10.0.40219.1
Project("{FAE04EC0-301F-11D3-BF4B-00C04F79EFBC}") = "ACDC", "ACDC\ACDC.csproj", "{A3823800-B0E6-43C8-A6C5-20FE345F5AA2}"
EndProject
Global
	GlobalSection(SolutionConfigurationPlatforms) = preSolution
		Debug|Any CPU = Debug|Any CPU
		Release|Any CPU = Release|Any CPU
	EndGlobalSection
	GlobalSection(ProjectConfigurationPlatforms) = postSolution
		{A3823800-B0E6-43C8-A6C5-20FE345F5AA2}.Debug|Any CPU.ActiveCfg = Debug|Any CPU
		{A3823800-B0E6-43C8-A6C5-20FE345F5AA2}.Debug|Any CPU.Build.0 = Debug|Any CPU
		{A3823800-B0E6-43C8-A6C5-20FE345F5AA2}.Release|Any CPU.ActiveCfg = Release|Any CPU
		{A3823800-B0E6-43C8-A6C5-20FE345F5AA2}.Release|Any CPU.Build.0 = Release|Any CPU
	EndGlobalSection
	GlobalSection(SolutionProperties) = preSolution
		HideSolutionNode = FALSE
	EndGlobalSection
	GlobalSection(ExtensibilityGlobals) = postSolution
		SolutionGuid = {0608DE95-F1EA-4B79-94E3-2B4B32F7FE74}
	EndGlobalSection
EndGlobal
